
Microsoft Visual Studio Solution File, Format Version 12.00
# Visual Studio Version 17
VisualStudioVersion = 17.11.35219.272
MinimumVisualStudioVersion = 10.0.40219.1
Project("{9A19103F-16F7-4668-BE54-9A1E7A4F7556}") = "Laboratorio3", "Laboratorio3\Laboratorio3.csproj", "{ACF08718-8572-450A-A751-90460BE675DD}"
EndProject
Project("{9A19103F-16F7-4668-BE54-9A1E7A4F7556}") = "Laboratorio31", "Laboratorio31\Laboratorio31.csproj", "{650DC929-8448-4470-9F1F-1EA1846A1EF0}"
EndProject
Project("{9A19103F-16F7-4668-BE54-9A1E7A4F7556}") = "Laboratorio32", "Laboratorio32\Laboratorio32.csproj", "{BE2AEC8A-F1E4-4A61-99F2-24C23A7713B8}"
EndProject
Project("{FAE04EC0-301F-11D3-BF4B-00C04F79EFBC}") = "Laboratorio33", "Laboratorio33\Laboratorio33.csproj", "{A0549A24-262C-44A2-AA85-1DFC898D3E2B}"
EndProject
Global
	GlobalSection(SolutionConfigurationPlatforms) = preSolution
		Debug|Any CPU = Debug|Any CPU
		Release|Any CPU = Release|Any CPU
	EndGlobalSection
	GlobalSection(ProjectConfigurationPlatforms) = postSolution
		{ACF08718-8572-450A-A751-90460BE675DD}.Debug|Any CPU.ActiveCfg = Debug|Any CPU
		{ACF08718-8572-450A-A751-90460BE675DD}.Debug|Any CPU.Build.0 = Debug|Any CPU
		{ACF08718-8572-450A-A751-90460BE675DD}.Release|Any CPU.ActiveCfg = Release|Any CPU
		{ACF08718-8572-450A-A751-90460BE675DD}.Release|Any CPU.Build.0 = Release|Any CPU
		{650DC929-8448-4470-9F1F-1EA1846A1EF0}.Debug|Any CPU.ActiveCfg = Debug|Any CPU
		{650DC929-8448-4470-9F1F-1EA1846A1EF0}.Debug|Any CPU.Build.0 = Debug|Any CPU
		{650DC929-8448-4470-9F1F-1EA1846A1EF0}.Release|Any CPU.ActiveCfg = Release|Any CPU
		{650DC929-8448-4470-9F1F-1EA1846A1EF0}.Release|Any CPU.Build.0 = Release|Any CPU
		{BE2AEC8A-F1E4-4A61-99F2-24C23A7713B8}.Debug|Any CPU.ActiveCfg = Debug|Any CPU
		{BE2AEC8A-F1E4-4A61-99F2-24C23A7713B8}.Debug|Any CPU.Build.0 = Debug|Any CPU
		{BE2AEC8A-F1E4-4A61-99F2-24C23A7713B8}.Release|Any CPU.ActiveCfg = Release|Any CPU
		{BE2AEC8A-F1E4-4A61-99F2-24C23A7713B8}.Release|Any CPU.Build.0 = Release|Any CPU
		{A0549A24-262C-44A2-AA85-1DFC898D3E2B}.Debug|Any CPU.ActiveCfg = Debug|Any CPU
		{A0549A24-262C-44A2-AA85-1DFC898D3E2B}.Debug|Any CPU.Build.0 = Debug|Any CPU
		{A0549A24-262C-44A2-AA85-1DFC898D3E2B}.Release|Any CPU.ActiveCfg = Release|Any CPU
		{A0549A24-262C-44A2-AA85-1DFC898D3E2B}.Release|Any CPU.Build.0 = Release|Any CPU
	EndGlobalSection
	GlobalSection(SolutionProperties) = preSolution
		HideSolutionNode = FALSE
	EndGlobalSection
	GlobalSection(ExtensibilityGlobals) = postSolution
		SolutionGuid = {2C9E2D92-3FEC-43B8-8470-1B2E6832723C}
	EndGlobalSection
EndGlobal
