
Microsoft Visual Studio Solution File, Format Version 12.00
# Visual Studio Version 17
VisualStudioVersion = 17.11.35312.102
MinimumVisualStudioVersion = 10.0.40219.1
Project("{FAE04EC0-301F-11D3-BF4B-00C04F79EFBC}") = "Laboratorio12", "Laboratorio12\Laboratorio12.csproj", "{24B738B4-9EDC-4963-A4E7-79F453070EA2}"
EndProject
Project("{FAE04EC0-301F-11D3-BF4B-00C04F79EFBC}") = "Laboratorio12-2", "Laboratorio12-2\Laboratorio12-2.csproj", "{57BC3E25-E5EC-4D21-A622-A642FD89FD92}"
EndProject
Project("{FAE04EC0-301F-11D3-BF4B-00C04F79EFBC}") = "Laboratorio12-3", "Laboratorio12-3\Laboratorio12-3.csproj", "{FE4DA315-E387-46FA-825C-CA44D7100254}"
EndProject
Global
	GlobalSection(SolutionConfigurationPlatforms) = preSolution
		Debug|Any CPU = Debug|Any CPU
		Release|Any CPU = Release|Any CPU
	EndGlobalSection
	GlobalSection(ProjectConfigurationPlatforms) = postSolution
		{24B738B4-9EDC-4963-A4E7-79F453070EA2}.Debug|Any CPU.ActiveCfg = Debug|Any CPU
		{24B738B4-9EDC-4963-A4E7-79F453070EA2}.Debug|Any CPU.Build.0 = Debug|Any CPU
		{24B738B4-9EDC-4963-A4E7-79F453070EA2}.Release|Any CPU.ActiveCfg = Release|Any CPU
		{24B738B4-9EDC-4963-A4E7-79F453070EA2}.Release|Any CPU.Build.0 = Release|Any CPU
		{57BC3E25-E5EC-4D21-A622-A642FD89FD92}.Debug|Any CPU.ActiveCfg = Debug|Any CPU
		{57BC3E25-E5EC-4D21-A622-A642FD89FD92}.Debug|Any CPU.Build.0 = Debug|Any CPU
		{57BC3E25-E5EC-4D21-A622-A642FD89FD92}.Release|Any CPU.ActiveCfg = Release|Any CPU
		{57BC3E25-E5EC-4D21-A622-A642FD89FD92}.Release|Any CPU.Build.0 = Release|Any CPU
		{FE4DA315-E387-46FA-825C-CA44D7100254}.Debug|Any CPU.ActiveCfg = Debug|Any CPU
		{FE4DA315-E387-46FA-825C-CA44D7100254}.Debug|Any CPU.Build.0 = Debug|Any CPU
		{FE4DA315-E387-46FA-825C-CA44D7100254}.Release|Any CPU.ActiveCfg = Release|Any CPU
		{FE4DA315-E387-46FA-825C-CA44D7100254}.Release|Any CPU.Build.0 = Release|Any CPU
	EndGlobalSection
	GlobalSection(SolutionProperties) = preSolution
		HideSolutionNode = FALSE
	EndGlobalSection
	GlobalSection(ExtensibilityGlobals) = postSolution
		SolutionGuid = {D5267F77-55F1-468F-8506-ED25728F57EF}
	EndGlobalSection
EndGlobal
